// !$*UTF8*$!
{
	archiveVersion = 1;
	classes = {
	};
	objectVersion = 46;
	objects = {

/* Begin PBXBuildFile section */
		0029A7E121BA442300C856C9 /* HCDebugToolPerformanceMudle.m in Sources */ = {isa = PBXBuildFile; fileRef = 0029A7E021BA442300C856C9 /* HCDebugToolPerformanceMudle.m */; };
		0035E58821EB7C0300D8026D /* HCNetDebugMockViewController.m in Sources */ = {isa = PBXBuildFile; fileRef = 0035E58721EB7C0300D8026D /* HCNetDebugMockViewController.m */; };
		006F4D7221BD25E1003B0B3F /* HCNetDebugModule.m in Sources */ = {isa = PBXBuildFile; fileRef = 006F4D7121BD25E1003B0B3F /* HCNetDebugModule.m */; };
		00804B7521CCF97300D05821 /* HCFlexBoxLayoutDemoViewController.m in Sources */ = {isa = PBXBuildFile; fileRef = 00804B7421CCF97300D05821 /* HCFlexBoxLayoutDemoViewController.m */; };
		00804B7921CCFD4D00D05821 /* HCALTableViewCell.m in Sources */ = {isa = PBXBuildFile; fileRef = 00804B7821CCFD4D00D05821 /* HCALTableViewCell.m */; };
		00804B7C21CCFD8800D05821 /* HCLeftPicRightTextView.m in Sources */ = {isa = PBXBuildFile; fileRef = 00804B7B21CCFD8800D05821 /* HCLeftPicRightTextView.m */; };
		0085DC1A21D3CC860096631D /* HCLeftPicRightTextViewModel.m in Sources */ = {isa = PBXBuildFile; fileRef = 0085DC1921D3CC860096631D /* HCLeftPicRightTextViewModel.m */; };
		0085DC3321D3D54C0096631D /* bookList.json in Resources */ = {isa = PBXBuildFile; fileRef = 0085DC3221D3D54C0096631D /* bookList.json */; };
		0090467921E730EF0062826E /* HCBugItemEditCell.m in Sources */ = {isa = PBXBuildFile; fileRef = 0090467821E730EF0062826E /* HCBugItemEditCell.m */; };
		0090467B21E8418C0062826E /* test.png in Resources */ = {isa = PBXBuildFile; fileRef = 0090467A21E8418C0062826E /* test.png */; };
		00C31A1F21CB908B006CCA3D /* HCYogaKitDebugModule.m in Sources */ = {isa = PBXBuildFile; fileRef = 00C31A1E21CB908B006CCA3D /* HCYogaKitDebugModule.m */; };
		00EA801A21E1F03F00E5BC3D /* HCVisionModule.m in Sources */ = {isa = PBXBuildFile; fileRef = 00EA801921E1F03F00E5BC3D /* HCVisionModule.m */; };
		00EA802921E1F1DB00E5BC3D /* DoraemonColorPickInfoWindow.m in Sources */ = {isa = PBXBuildFile; fileRef = 00EA801F21E1F1DB00E5BC3D /* DoraemonColorPickInfoWindow.m */; };
		00EA802A21E1F1DB00E5BC3D /* DoraemonColorPickWindow.m in Sources */ = {isa = PBXBuildFile; fileRef = 00EA802421E1F1DB00E5BC3D /* DoraemonColorPickWindow.m */; };
		00EA802B21E1F1DB00E5BC3D /* DoraemonColorPickInfoView.m in Sources */ = {isa = PBXBuildFile; fileRef = 00EA802521E1F1DB00E5BC3D /* DoraemonColorPickInfoView.m */; };
		00EA802C21E1F1DB00E5BC3D /* DoraemonColorPickView.m in Sources */ = {isa = PBXBuildFile; fileRef = 00EA802621E1F1DB00E5BC3D /* DoraemonColorPickView.m */; };
		00EA803821E1F21B00E5BC3D /* UIColor+Doraemon.m in Sources */ = {isa = PBXBuildFile; fileRef = 00EA803221E1F21B00E5BC3D /* UIColor+Doraemon.m */; };
		00EA803921E1F21B00E5BC3D /* NSObject+Doraemon.m in Sources */ = {isa = PBXBuildFile; fileRef = 00EA803321E1F21B00E5BC3D /* NSObject+Doraemon.m */; };
		00EA803A21E1F21B00E5BC3D /* UIImage+Doraemon.m in Sources */ = {isa = PBXBuildFile; fileRef = 00EA803421E1F21B00E5BC3D /* UIImage+Doraemon.m */; };
		00EA803B21E1F21B00E5BC3D /* UIView+Doraemon.m in Sources */ = {isa = PBXBuildFile; fileRef = 00EA803621E1F21B00E5BC3D /* UIView+Doraemon.m */; };
		00EA804421E1F56700E5BC3D /* DoraemonVisualInfoWindow.m in Sources */ = {isa = PBXBuildFile; fileRef = 00EA804121E1F56700E5BC3D /* DoraemonVisualInfoWindow.m */; };
		00EA804521E1F56700E5BC3D /* DoraemonVisualMagnifierWindow.m in Sources */ = {isa = PBXBuildFile; fileRef = 00EA804221E1F56700E5BC3D /* DoraemonVisualMagnifierWindow.m */; };
		00F8312C21E4C84000AA80B6 /* DoraemonViewAlignManager.m in Sources */ = {isa = PBXBuildFile; fileRef = 00F8312821E4C84000AA80B6 /* DoraemonViewAlignManager.m */; };
		00F8312D21E4C84000AA80B6 /* DoraemonViewAlignView.m in Sources */ = {isa = PBXBuildFile; fileRef = 00F8312921E4C84000AA80B6 /* DoraemonViewAlignView.m */; };
		00F831E921E70F9000AA80B6 /* DoraemonViewCheckManager.m in Sources */ = {isa = PBXBuildFile; fileRef = 00F831E521E70F9000AA80B6 /* DoraemonViewCheckManager.m */; };
		00F831EA21E70F9000AA80B6 /* DoraemonViewCheckView.m in Sources */ = {isa = PBXBuildFile; fileRef = 00F831E821E70F9000AA80B6 /* DoraemonViewCheckView.m */; };
		00F831EE21E7136300AA80B6 /* HCBugCommitViewController.m in Sources */ = {isa = PBXBuildFile; fileRef = 00F831ED21E7136300AA80B6 /* HCBugCommitViewController.m */; };
		00F8320921E7259300AA80B6 /* HCBugBillModel.m in Sources */ = {isa = PBXBuildFile; fileRef = 00F8320821E7259300AA80B6 /* HCBugBillModel.m */; };
		00F8320C21E725A400AA80B6 /* HCBugItemModel.m in Sources */ = {isa = PBXBuildFile; fileRef = 00F8320B21E725A400AA80B6 /* HCBugItemModel.m */; };
		00F8321121E727EE00AA80B6 /* HCBugItemEditView.m in Sources */ = {isa = PBXBuildFile; fileRef = 00F8321021E727EE00AA80B6 /* HCBugItemEditView.m */; };
		0CC291DA78BEACFF91342B54 /* Pods_HCDebugTool_Example.framework in Frameworks */ = {isa = PBXBuildFile; fileRef = C5226FF179E4DD7F57C794A3 /* Pods_HCDebugTool_Example.framework */; };
		3AE79C8157C20CF43834872E /* Pods_HCDebugTool_Tests.framework in Frameworks */ = {isa = PBXBuildFile; fileRef = DD426F9C4DAEBB86B7B63AE5 /* Pods_HCDebugTool_Tests.framework */; };
		6003F58E195388D20070C39A /* Foundation.framework in Frameworks */ = {isa = PBXBuildFile; fileRef = 6003F58D195388D20070C39A /* Foundation.framework */; };
		6003F590195388D20070C39A /* CoreGraphics.framework in Frameworks */ = {isa = PBXBuildFile; fileRef = 6003F58F195388D20070C39A /* CoreGraphics.framework */; };
		6003F592195388D20070C39A /* UIKit.framework in Frameworks */ = {isa = PBXBuildFile; fileRef = 6003F591195388D20070C39A /* UIKit.framework */; };
		6003F598195388D20070C39A /* InfoPlist.strings in Resources */ = {isa = PBXBuildFile; fileRef = 6003F596195388D20070C39A /* InfoPlist.strings */; };
		6003F59A195388D20070C39A /* main.m in Sources */ = {isa = PBXBuildFile; fileRef = 6003F599195388D20070C39A /* main.m */; };
		6003F59E195388D20070C39A /* HCAppDelegate.m in Sources */ = {isa = PBXBuildFile; fileRef = 6003F59D195388D20070C39A /* HCAppDelegate.m */; };
		6003F5A7195388D20070C39A /* HCViewController.m in Sources */ = {isa = PBXBuildFile; fileRef = 6003F5A6195388D20070C39A /* HCViewController.m */; };
		6003F5A9195388D20070C39A /* Images.xcassets in Resources */ = {isa = PBXBuildFile; fileRef = 6003F5A8195388D20070C39A /* Images.xcassets */; };
		6003F5B0195388D20070C39A /* XCTest.framework in Frameworks */ = {isa = PBXBuildFile; fileRef = 6003F5AF195388D20070C39A /* XCTest.framework */; };
		6003F5B1195388D20070C39A /* Foundation.framework in Frameworks */ = {isa = PBXBuildFile; fileRef = 6003F58D195388D20070C39A /* Foundation.framework */; };
		6003F5B2195388D20070C39A /* UIKit.framework in Frameworks */ = {isa = PBXBuildFile; fileRef = 6003F591195388D20070C39A /* UIKit.framework */; };
		6003F5BA195388D20070C39A /* InfoPlist.strings in Resources */ = {isa = PBXBuildFile; fileRef = 6003F5B8195388D20070C39A /* InfoPlist.strings */; };
		6003F5BC195388D20070C39A /* Tests.m in Sources */ = {isa = PBXBuildFile; fileRef = 6003F5BB195388D20070C39A /* Tests.m */; };
		71719F9F1E33DC2100824A3D /* LaunchScreen.storyboard in Resources */ = {isa = PBXBuildFile; fileRef = 71719F9D1E33DC2100824A3D /* LaunchScreen.storyboard */; };
		873B8AEB1B1F5CCA007FD442 /* Main.storyboard in Resources */ = {isa = PBXBuildFile; fileRef = 873B8AEA1B1F5CCA007FD442 /* Main.storyboard */; };
/* End PBXBuildFile section */

/* Begin PBXContainerItemProxy section */
		6003F5B3195388D20070C39A /* PBXContainerItemProxy */ = {
			isa = PBXContainerItemProxy;
			containerPortal = 6003F582195388D10070C39A /* Project object */;
			proxyType = 1;
			remoteGlobalIDString = 6003F589195388D20070C39A;
			remoteInfo = HCDebugTool;
		};
/* End PBXContainerItemProxy section */

/* Begin PBXFileReference section */
		0029A7DF21BA442300C856C9 /* HCDebugToolPerformanceMudle.h */ = {isa = PBXFileReference; lastKnownFileType = sourcecode.c.h; path = HCDebugToolPerformanceMudle.h; sourceTree = "<group>"; };
		0029A7E021BA442300C856C9 /* HCDebugToolPerformanceMudle.m */ = {isa = PBXFileReference; lastKnownFileType = sourcecode.c.objc; path = HCDebugToolPerformanceMudle.m; sourceTree = "<group>"; };
		0035E58621EB7C0300D8026D /* HCNetDebugMockViewController.h */ = {isa = PBXFileReference; lastKnownFileType = sourcecode.c.h; path = HCNetDebugMockViewController.h; sourceTree = "<group>"; };
		0035E58721EB7C0300D8026D /* HCNetDebugMockViewController.m */ = {isa = PBXFileReference; lastKnownFileType = sourcecode.c.objc; path = HCNetDebugMockViewController.m; sourceTree = "<group>"; };
		006F4D7021BD25E1003B0B3F /* HCNetDebugModule.h */ = {isa = PBXFileReference; lastKnownFileType = sourcecode.c.h; path = HCNetDebugModule.h; sourceTree = "<group>"; };
		006F4D7121BD25E1003B0B3F /* HCNetDebugModule.m */ = {isa = PBXFileReference; lastKnownFileType = sourcecode.c.objc; path = HCNetDebugModule.m; sourceTree = "<group>"; };
		00804B7321CCF97300D05821 /* HCFlexBoxLayoutDemoViewController.h */ = {isa = PBXFileReference; lastKnownFileType = sourcecode.c.h; path = HCFlexBoxLayoutDemoViewController.h; sourceTree = "<group>"; };
		00804B7421CCF97300D05821 /* HCFlexBoxLayoutDemoViewController.m */ = {isa = PBXFileReference; lastKnownFileType = sourcecode.c.objc; path = HCFlexBoxLayoutDemoViewController.m; sourceTree = "<group>"; };
		00804B7721CCFD4D00D05821 /* HCALTableViewCell.h */ = {isa = PBXFileReference; lastKnownFileType = sourcecode.c.h; path = HCALTableViewCell.h; sourceTree = "<group>"; };
		00804B7821CCFD4D00D05821 /* HCALTableViewCell.m */ = {isa = PBXFileReference; lastKnownFileType = sourcecode.c.objc; path = HCALTableViewCell.m; sourceTree = "<group>"; };
		00804B7A21CCFD8800D05821 /* HCLeftPicRightTextView.h */ = {isa = PBXFileReference; lastKnownFileType = sourcecode.c.h; path = HCLeftPicRightTextView.h; sourceTree = "<group>"; };
		00804B7B21CCFD8800D05821 /* HCLeftPicRightTextView.m */ = {isa = PBXFileReference; lastKnownFileType = sourcecode.c.objc; path = HCLeftPicRightTextView.m; sourceTree = "<group>"; };
		0085DC1821D3CC860096631D /* HCLeftPicRightTextViewModel.h */ = {isa = PBXFileReference; lastKnownFileType = sourcecode.c.h; path = HCLeftPicRightTextViewModel.h; sourceTree = "<group>"; };
		0085DC1921D3CC860096631D /* HCLeftPicRightTextViewModel.m */ = {isa = PBXFileReference; lastKnownFileType = sourcecode.c.objc; path = HCLeftPicRightTextViewModel.m; sourceTree = "<group>"; };
		0085DC1B21D3CCA10096631D /* HCLeftPicRightTextViewModelProtocol.h */ = {isa = PBXFileReference; lastKnownFileType = sourcecode.c.h; path = HCLeftPicRightTextViewModelProtocol.h; sourceTree = "<group>"; };
		0085DC3121D3D2950096631D /* HCUIDefine.h */ = {isa = PBXFileReference; lastKnownFileType = sourcecode.c.h; path = HCUIDefine.h; sourceTree = "<group>"; };
		0085DC3221D3D54C0096631D /* bookList.json */ = {isa = PBXFileReference; fileEncoding = 4; lastKnownFileType = text.json; path = bookList.json; sourceTree = "<group>"; };
		0090467721E730EF0062826E /* HCBugItemEditCell.h */ = {isa = PBXFileReference; lastKnownFileType = sourcecode.c.h; path = HCBugItemEditCell.h; sourceTree = "<group>"; };
		0090467821E730EF0062826E /* HCBugItemEditCell.m */ = {isa = PBXFileReference; lastKnownFileType = sourcecode.c.objc; path = HCBugItemEditCell.m; sourceTree = "<group>"; };
		0090467A21E8418C0062826E /* test.png */ = {isa = PBXFileReference; lastKnownFileType = image.png; path = test.png; sourceTree = "<group>"; };
		00C31A1D21CB908B006CCA3D /* HCYogaKitDebugModule.h */ = {isa = PBXFileReference; lastKnownFileType = sourcecode.c.h; path = HCYogaKitDebugModule.h; sourceTree = "<group>"; };
		00C31A1E21CB908B006CCA3D /* HCYogaKitDebugModule.m */ = {isa = PBXFileReference; lastKnownFileType = sourcecode.c.objc; path = HCYogaKitDebugModule.m; sourceTree = "<group>"; };
		00C31A2021CBB517006CCA3D /* HCDebugModuleSortLevel.h */ = {isa = PBXFileReference; lastKnownFileType = sourcecode.c.h; path = HCDebugModuleSortLevel.h; sourceTree = "<group>"; };
		00EA801821E1F03F00E5BC3D /* HCVisionModule.h */ = {isa = PBXFileReference; lastKnownFileType = sourcecode.c.h; path = HCVisionModule.h; sourceTree = "<group>"; };
		00EA801921E1F03F00E5BC3D /* HCVisionModule.m */ = {isa = PBXFileReference; lastKnownFileType = sourcecode.c.objc; path = HCVisionModule.m; sourceTree = "<group>"; };
		00EA801F21E1F1DB00E5BC3D /* DoraemonColorPickInfoWindow.m */ = {isa = PBXFileReference; fileEncoding = 4; lastKnownFileType = sourcecode.c.objc; path = DoraemonColorPickInfoWindow.m; sourceTree = "<group>"; };
		00EA802021E1F1DB00E5BC3D /* DoraemonColorPickInfoView.h */ = {isa = PBXFileReference; fileEncoding = 4; lastKnownFileType = sourcecode.c.h; path = DoraemonColorPickInfoView.h; sourceTree = "<group>"; };
		00EA802121E1F1DB00E5BC3D /* DoraemonColorPickWindow.h */ = {isa = PBXFileReference; fileEncoding = 4; lastKnownFileType = sourcecode.c.h; path = DoraemonColorPickWindow.h; sourceTree = "<group>"; };
		00EA802221E1F1DB00E5BC3D /* DoraemonColorPickView.h */ = {isa = PBXFileReference; fileEncoding = 4; lastKnownFileType = sourcecode.c.h; path = DoraemonColorPickView.h; sourceTree = "<group>"; };
		00EA802321E1F1DB00E5BC3D /* DoraemonColorPickInfoWindow.h */ = {isa = PBXFileReference; fileEncoding = 4; lastKnownFileType = sourcecode.c.h; path = DoraemonColorPickInfoWindow.h; sourceTree = "<group>"; };
		00EA802421E1F1DB00E5BC3D /* DoraemonColorPickWindow.m */ = {isa = PBXFileReference; fileEncoding = 4; lastKnownFileType = sourcecode.c.objc; path = DoraemonColorPickWindow.m; sourceTree = "<group>"; };
		00EA802521E1F1DB00E5BC3D /* DoraemonColorPickInfoView.m */ = {isa = PBXFileReference; fileEncoding = 4; lastKnownFileType = sourcecode.c.objc; path = DoraemonColorPickInfoView.m; sourceTree = "<group>"; };
		00EA802621E1F1DB00E5BC3D /* DoraemonColorPickView.m */ = {isa = PBXFileReference; fileEncoding = 4; lastKnownFileType = sourcecode.c.objc; path = DoraemonColorPickView.m; sourceTree = "<group>"; };
		00EA803021E1F21B00E5BC3D /* UIImage+Doraemon.h */ = {isa = PBXFileReference; fileEncoding = 4; lastKnownFileType = sourcecode.c.h; path = "UIImage+Doraemon.h"; sourceTree = "<group>"; };
		00EA803121E1F21B00E5BC3D /* UIView+Doraemon.h */ = {isa = PBXFileReference; fileEncoding = 4; lastKnownFileType = sourcecode.c.h; path = "UIView+Doraemon.h"; sourceTree = "<group>"; };
		00EA803221E1F21B00E5BC3D /* UIColor+Doraemon.m */ = {isa = PBXFileReference; fileEncoding = 4; lastKnownFileType = sourcecode.c.objc; path = "UIColor+Doraemon.m"; sourceTree = "<group>"; };
		00EA803321E1F21B00E5BC3D /* NSObject+Doraemon.m */ = {isa = PBXFileReference; fileEncoding = 4; lastKnownFileType = sourcecode.c.objc; path = "NSObject+Doraemon.m"; sourceTree = "<group>"; };
		00EA803421E1F21B00E5BC3D /* UIImage+Doraemon.m */ = {isa = PBXFileReference; fileEncoding = 4; lastKnownFileType = sourcecode.c.objc; path = "UIImage+Doraemon.m"; sourceTree = "<group>"; };
		00EA803521E1F21B00E5BC3D /* NSObject+Doraemon.h */ = {isa = PBXFileReference; fileEncoding = 4; lastKnownFileType = sourcecode.c.h; path = "NSObject+Doraemon.h"; sourceTree = "<group>"; };
		00EA803621E1F21B00E5BC3D /* UIView+Doraemon.m */ = {isa = PBXFileReference; fileEncoding = 4; lastKnownFileType = sourcecode.c.objc; path = "UIView+Doraemon.m"; sourceTree = "<group>"; };
		00EA803721E1F21B00E5BC3D /* UIColor+Doraemon.h */ = {isa = PBXFileReference; fileEncoding = 4; lastKnownFileType = sourcecode.c.h; path = "UIColor+Doraemon.h"; sourceTree = "<group>"; };
		00EA804021E1F56700E5BC3D /* DoraemonVisualMagnifierWindow.h */ = {isa = PBXFileReference; fileEncoding = 4; lastKnownFileType = sourcecode.c.h; path = DoraemonVisualMagnifierWindow.h; sourceTree = "<group>"; };
		00EA804121E1F56700E5BC3D /* DoraemonVisualInfoWindow.m */ = {isa = PBXFileReference; fileEncoding = 4; lastKnownFileType = sourcecode.c.objc; path = DoraemonVisualInfoWindow.m; sourceTree = "<group>"; };
		00EA804221E1F56700E5BC3D /* DoraemonVisualMagnifierWindow.m */ = {isa = PBXFileReference; fileEncoding = 4; lastKnownFileType = sourcecode.c.objc; path = DoraemonVisualMagnifierWindow.m; sourceTree = "<group>"; };
		00EA804321E1F56700E5BC3D /* DoraemonVisualInfoWindow.h */ = {isa = PBXFileReference; fileEncoding = 4; lastKnownFileType = sourcecode.c.h; path = DoraemonVisualInfoWindow.h; sourceTree = "<group>"; };
		00F8312721E4C84000AA80B6 /* DoraemonViewAlignView.h */ = {isa = PBXFileReference; fileEncoding = 4; lastKnownFileType = sourcecode.c.h; path = DoraemonViewAlignView.h; sourceTree = "<group>"; };
		00F8312821E4C84000AA80B6 /* DoraemonViewAlignManager.m */ = {isa = PBXFileReference; fileEncoding = 4; lastKnownFileType = sourcecode.c.objc; path = DoraemonViewAlignManager.m; sourceTree = "<group>"; };
		00F8312921E4C84000AA80B6 /* DoraemonViewAlignView.m */ = {isa = PBXFileReference; fileEncoding = 4; lastKnownFileType = sourcecode.c.objc; path = DoraemonViewAlignView.m; sourceTree = "<group>"; };
		00F8312A21E4C84000AA80B6 /* DoraemonViewAlignManager.h */ = {isa = PBXFileReference; fileEncoding = 4; lastKnownFileType = sourcecode.c.h; path = DoraemonViewAlignManager.h; sourceTree = "<group>"; };
		00F831E521E70F9000AA80B6 /* DoraemonViewCheckManager.m */ = {isa = PBXFileReference; fileEncoding = 4; lastKnownFileType = sourcecode.c.objc; path = DoraemonViewCheckManager.m; sourceTree = "<group>"; };
		00F831E621E70F9000AA80B6 /* DoraemonViewCheckView.h */ = {isa = PBXFileReference; fileEncoding = 4; lastKnownFileType = sourcecode.c.h; path = DoraemonViewCheckView.h; sourceTree = "<group>"; };
		00F831E721E70F9000AA80B6 /* DoraemonViewCheckManager.h */ = {isa = PBXFileReference; fileEncoding = 4; lastKnownFileType = sourcecode.c.h; path = DoraemonViewCheckManager.h; sourceTree = "<group>"; };
		00F831E821E70F9000AA80B6 /* DoraemonViewCheckView.m */ = {isa = PBXFileReference; fileEncoding = 4; lastKnownFileType = sourcecode.c.objc; path = DoraemonViewCheckView.m; sourceTree = "<group>"; };
		00F831EC21E7136300AA80B6 /* HCBugCommitViewController.h */ = {isa = PBXFileReference; lastKnownFileType = sourcecode.c.h; path = HCBugCommitViewController.h; sourceTree = "<group>"; };
		00F831ED21E7136300AA80B6 /* HCBugCommitViewController.m */ = {isa = PBXFileReference; lastKnownFileType = sourcecode.c.objc; path = HCBugCommitViewController.m; sourceTree = "<group>"; };
		00F8320721E7259300AA80B6 /* HCBugBillModel.h */ = {isa = PBXFileReference; lastKnownFileType = sourcecode.c.h; path = HCBugBillModel.h; sourceTree = "<group>"; };
		00F8320821E7259300AA80B6 /* HCBugBillModel.m */ = {isa = PBXFileReference; lastKnownFileType = sourcecode.c.objc; path = HCBugBillModel.m; sourceTree = "<group>"; };
		00F8320A21E725A400AA80B6 /* HCBugItemModel.h */ = {isa = PBXFileReference; lastKnownFileType = sourcecode.c.h; path = HCBugItemModel.h; sourceTree = "<group>"; };
		00F8320B21E725A400AA80B6 /* HCBugItemModel.m */ = {isa = PBXFileReference; lastKnownFileType = sourcecode.c.objc; path = HCBugItemModel.m; sourceTree = "<group>"; };
		00F8320F21E727EE00AA80B6 /* HCBugItemEditView.h */ = {isa = PBXFileReference; lastKnownFileType = sourcecode.c.h; path = HCBugItemEditView.h; sourceTree = "<group>"; };
		00F8321021E727EE00AA80B6 /* HCBugItemEditView.m */ = {isa = PBXFileReference; lastKnownFileType = sourcecode.c.objc; path = HCBugItemEditView.m; sourceTree = "<group>"; };
		13A72804B88504215179987B /* Pods-HCDebugTool_Example.release.xcconfig */ = {isa = PBXFileReference; includeInIndex = 1; lastKnownFileType = text.xcconfig; name = "Pods-HCDebugTool_Example.release.xcconfig"; path = "Pods/Target Support Files/Pods-HCDebugTool_Example/Pods-HCDebugTool_Example.release.xcconfig"; sourceTree = "<group>"; };
		30C473A1C4B3928021090C16 /* Pods-HCDebugTool_Tests.debug.xcconfig */ = {isa = PBXFileReference; includeInIndex = 1; lastKnownFileType = text.xcconfig; name = "Pods-HCDebugTool_Tests.debug.xcconfig"; path = "Pods/Target Support Files/Pods-HCDebugTool_Tests/Pods-HCDebugTool_Tests.debug.xcconfig"; sourceTree = "<group>"; };
		3402F6569C4C5B6F9448471D /* Pods-HCDebugTool_Example.debug.xcconfig */ = {isa = PBXFileReference; includeInIndex = 1; lastKnownFileType = text.xcconfig; name = "Pods-HCDebugTool_Example.debug.xcconfig"; path = "Pods/Target Support Files/Pods-HCDebugTool_Example/Pods-HCDebugTool_Example.debug.xcconfig"; sourceTree = "<group>"; };
		4368DFFA730101F418A4FDAE /* HCDebugTool.podspec */ = {isa = PBXFileReference; includeInIndex = 1; lastKnownFileType = text; name = HCDebugTool.podspec; path = ../HCDebugTool.podspec; sourceTree = "<group>"; xcLanguageSpecificationIdentifier = xcode.lang.ruby; };
		6003F58A195388D20070C39A /* HCDebugTool_Example.app */ = {isa = PBXFileReference; explicitFileType = wrapper.application; includeInIndex = 0; path = HCDebugTool_Example.app; sourceTree = BUILT_PRODUCTS_DIR; };
		6003F58D195388D20070C39A /* Foundation.framework */ = {isa = PBXFileReference; lastKnownFileType = wrapper.framework; name = Foundation.framework; path = System/Library/Frameworks/Foundation.framework; sourceTree = SDKROOT; };
		6003F58F195388D20070C39A /* CoreGraphics.framework */ = {isa = PBXFileReference; lastKnownFileType = wrapper.framework; name = CoreGraphics.framework; path = System/Library/Frameworks/CoreGraphics.framework; sourceTree = SDKROOT; };
		6003F591195388D20070C39A /* UIKit.framework */ = {isa = PBXFileReference; lastKnownFileType = wrapper.framework; name = UIKit.framework; path = System/Library/Frameworks/UIKit.framework; sourceTree = SDKROOT; };
		6003F595195388D20070C39A /* HCDebugTool-Info.plist */ = {isa = PBXFileReference; lastKnownFileType = text.plist.xml; path = "HCDebugTool-Info.plist"; sourceTree = "<group>"; };
		6003F597195388D20070C39A /* en */ = {isa = PBXFileReference; lastKnownFileType = text.plist.strings; name = en; path = en.lproj/InfoPlist.strings; sourceTree = "<group>"; };
		6003F599195388D20070C39A /* main.m */ = {isa = PBXFileReference; lastKnownFileType = sourcecode.c.objc; path = main.m; sourceTree = "<group>"; };
		6003F59B195388D20070C39A /* HCDebugTool-Prefix.pch */ = {isa = PBXFileReference; lastKnownFileType = sourcecode.c.h; path = "HCDebugTool-Prefix.pch"; sourceTree = "<group>"; };
		6003F59C195388D20070C39A /* HCAppDelegate.h */ = {isa = PBXFileReference; lastKnownFileType = sourcecode.c.h; path = HCAppDelegate.h; sourceTree = "<group>"; };
		6003F59D195388D20070C39A /* HCAppDelegate.m */ = {isa = PBXFileReference; lastKnownFileType = sourcecode.c.objc; path = HCAppDelegate.m; sourceTree = "<group>"; };
		6003F5A5195388D20070C39A /* HCViewController.h */ = {isa = PBXFileReference; lastKnownFileType = sourcecode.c.h; path = HCViewController.h; sourceTree = "<group>"; };
		6003F5A6195388D20070C39A /* HCViewController.m */ = {isa = PBXFileReference; lastKnownFileType = sourcecode.c.objc; path = HCViewController.m; sourceTree = "<group>"; };
		6003F5A8195388D20070C39A /* Images.xcassets */ = {isa = PBXFileReference; lastKnownFileType = folder.assetcatalog; path = Images.xcassets; sourceTree = "<group>"; };
		6003F5AE195388D20070C39A /* HCDebugTool_Tests.xctest */ = {isa = PBXFileReference; explicitFileType = wrapper.cfbundle; includeInIndex = 0; path = HCDebugTool_Tests.xctest; sourceTree = BUILT_PRODUCTS_DIR; };
		6003F5AF195388D20070C39A /* XCTest.framework */ = {isa = PBXFileReference; lastKnownFileType = wrapper.framework; name = XCTest.framework; path = Library/Frameworks/XCTest.framework; sourceTree = DEVELOPER_DIR; };
		6003F5B7195388D20070C39A /* Tests-Info.plist */ = {isa = PBXFileReference; lastKnownFileType = text.plist.xml; path = "Tests-Info.plist"; sourceTree = "<group>"; };
		6003F5B9195388D20070C39A /* en */ = {isa = PBXFileReference; lastKnownFileType = text.plist.strings; name = en; path = en.lproj/InfoPlist.strings; sourceTree = "<group>"; };
		6003F5BB195388D20070C39A /* Tests.m */ = {isa = PBXFileReference; lastKnownFileType = sourcecode.c.objc; path = Tests.m; sourceTree = "<group>"; };
		606FC2411953D9B200FFA9A0 /* Tests-Prefix.pch */ = {isa = PBXFileReference; lastKnownFileType = sourcecode.c.h; path = "Tests-Prefix.pch"; sourceTree = "<group>"; };
		71719F9E1E33DC2100824A3D /* Base */ = {isa = PBXFileReference; lastKnownFileType = file.storyboard; name = Base; path = Base.lproj/LaunchScreen.storyboard; sourceTree = "<group>"; };
		873B8AEA1B1F5CCA007FD442 /* Main.storyboard */ = {isa = PBXFileReference; fileEncoding = 4; lastKnownFileType = file.storyboard; name = Main.storyboard; path = Base.lproj/Main.storyboard; sourceTree = "<group>"; };
		A331B28220FE33F1892F0C85 /* LICENSE */ = {isa = PBXFileReference; includeInIndex = 1; lastKnownFileType = text; name = LICENSE; path = ../LICENSE; sourceTree = "<group>"; };
		C5226FF179E4DD7F57C794A3 /* Pods_HCDebugTool_Example.framework */ = {isa = PBXFileReference; explicitFileType = wrapper.framework; includeInIndex = 0; path = Pods_HCDebugTool_Example.framework; sourceTree = BUILT_PRODUCTS_DIR; };
		D3CDE21514590FFA73CDDC76 /* README.md */ = {isa = PBXFileReference; includeInIndex = 1; lastKnownFileType = net.daringfireball.markdown; name = README.md; path = ../README.md; sourceTree = "<group>"; };
		DD426F9C4DAEBB86B7B63AE5 /* Pods_HCDebugTool_Tests.framework */ = {isa = PBXFileReference; explicitFileType = wrapper.framework; includeInIndex = 0; path = Pods_HCDebugTool_Tests.framework; sourceTree = BUILT_PRODUCTS_DIR; };
		FBEF2191BFB72E91DF401287 /* Pods-HCDebugTool_Tests.release.xcconfig */ = {isa = PBXFileReference; includeInIndex = 1; lastKnownFileType = text.xcconfig; name = "Pods-HCDebugTool_Tests.release.xcconfig"; path = "Pods/Target Support Files/Pods-HCDebugTool_Tests/Pods-HCDebugTool_Tests.release.xcconfig"; sourceTree = "<group>"; };
/* End PBXFileReference section */

/* Begin PBXFrameworksBuildPhase section */
		6003F587195388D20070C39A /* Frameworks */ = {
			isa = PBXFrameworksBuildPhase;
			buildActionMask = 2147483647;
			files = (
				6003F590195388D20070C39A /* CoreGraphics.framework in Frameworks */,
				6003F592195388D20070C39A /* UIKit.framework in Frameworks */,
				6003F58E195388D20070C39A /* Foundation.framework in Frameworks */,
				0CC291DA78BEACFF91342B54 /* Pods_HCDebugTool_Example.framework in Frameworks */,
			);
			runOnlyForDeploymentPostprocessing = 0;
		};
		6003F5AB195388D20070C39A /* Frameworks */ = {
			isa = PBXFrameworksBuildPhase;
			buildActionMask = 2147483647;
			files = (
				6003F5B0195388D20070C39A /* XCTest.framework in Frameworks */,
				6003F5B2195388D20070C39A /* UIKit.framework in Frameworks */,
				6003F5B1195388D20070C39A /* Foundation.framework in Frameworks */,
				3AE79C8157C20CF43834872E /* Pods_HCDebugTool_Tests.framework in Frameworks */,
			);
			runOnlyForDeploymentPostprocessing = 0;
		};
/* End PBXFrameworksBuildPhase section */

/* Begin PBXGroup section */
		0029A75121BA311500C856C9 /* HCDebugToolModule */ = {
			isa = PBXGroup;
			children = (
				00C31A2021CBB517006CCA3D /* HCDebugModuleSortLevel.h */,
				00F831EB21E7134E00AA80B6 /* BugCommit */,
				00EA801721E1EF8800E5BC3D /* Vision */,
				00C31A1C21CB9061006CCA3D /* AutoLayout */,
				006F4D6F21BD25C6003B0B3F /* NetDebug */,
				0029A7DE21BA43EB00C856C9 /* Performance */,
			);
			name = HCDebugToolModule;
			sourceTree = "<group>";
		};
		0029A7DE21BA43EB00C856C9 /* Performance */ = {
			isa = PBXGroup;
			children = (
				0029A7DF21BA442300C856C9 /* HCDebugToolPerformanceMudle.h */,
				0029A7E021BA442300C856C9 /* HCDebugToolPerformanceMudle.m */,
			);
			name = Performance;
			sourceTree = "<group>";
		};
		0035E58521EB7BE500D8026D /* Mock */ = {
			isa = PBXGroup;
			children = (
				0035E58621EB7C0300D8026D /* HCNetDebugMockViewController.h */,
				0035E58721EB7C0300D8026D /* HCNetDebugMockViewController.m */,
			);
			name = Mock;
			sourceTree = "<group>";
		};
		006F4D6F21BD25C6003B0B3F /* NetDebug */ = {
			isa = PBXGroup;
			children = (
				006F4D7021BD25E1003B0B3F /* HCNetDebugModule.h */,
				006F4D7121BD25E1003B0B3F /* HCNetDebugModule.m */,
				0035E58521EB7BE500D8026D /* Mock */,
			);
			name = NetDebug;
			sourceTree = "<group>";
		};
		00804B7121CCDFA900D05821 /* FlexBoxLayout */ = {
			isa = PBXGroup;
			children = (
				00804B7321CCF97300D05821 /* HCFlexBoxLayoutDemoViewController.h */,
				00804B7421CCF97300D05821 /* HCFlexBoxLayoutDemoViewController.m */,
			);
			name = FlexBoxLayout;
			sourceTree = "<group>";
		};
		00804B7221CCDFBB00D05821 /* YogaKit */ = {
			isa = PBXGroup;
			children = (
			);
			name = YogaKit;
			sourceTree = "<group>";
		};
		00804B7621CCFD0300D05821 /* View */ = {
			isa = PBXGroup;
			children = (
				00804B7721CCFD4D00D05821 /* HCALTableViewCell.h */,
				00804B7821CCFD4D00D05821 /* HCALTableViewCell.m */,
				00804B7A21CCFD8800D05821 /* HCLeftPicRightTextView.h */,
				00804B7B21CCFD8800D05821 /* HCLeftPicRightTextView.m */,
			);
			name = View;
			sourceTree = "<group>";
		};
		0085DC1721D3C9BF0096631D /* Model */ = {
			isa = PBXGroup;
			children = (
				0085DC1821D3CC860096631D /* HCLeftPicRightTextViewModel.h */,
				0085DC1921D3CC860096631D /* HCLeftPicRightTextViewModel.m */,
				0085DC1B21D3CCA10096631D /* HCLeftPicRightTextViewModelProtocol.h */,
			);
			name = Model;
			sourceTree = "<group>";
		};
		00C31A1C21CB9061006CCA3D /* AutoLayout */ = {
			isa = PBXGroup;
			children = (
				00C31A1D21CB908B006CCA3D /* HCYogaKitDebugModule.h */,
				00C31A1E21CB908B006CCA3D /* HCYogaKitDebugModule.m */,
				0085DC3221D3D54C0096631D /* bookList.json */,
				0085DC1721D3C9BF0096631D /* Model */,
				00804B7621CCFD0300D05821 /* View */,
				00804B7221CCDFBB00D05821 /* YogaKit */,
				00804B7121CCDFA900D05821 /* FlexBoxLayout */,
			);
			name = AutoLayout;
			sourceTree = "<group>";
		};
		00EA801721E1EF8800E5BC3D /* Vision */ = {
			isa = PBXGroup;
			children = (
				00EA801821E1F03F00E5BC3D /* HCVisionModule.h */,
				00EA801921E1F03F00E5BC3D /* HCVisionModule.m */,
				0090467A21E8418C0062826E /* test.png */,
				00F831DF21E70F6E00AA80B6 /* ViewCheck */,
				00F8312421E4C84000AA80B6 /* ViewAlign */,
				00EA801D21E1F1DB00E5BC3D /* ColorPick */,
			);
			name = Vision;
			sourceTree = "<group>";
		};
		00EA801D21E1F1DB00E5BC3D /* ColorPick */ = {
			isa = PBXGroup;
			children = (
				00EA801E21E1F1DB00E5BC3D /* Function */,
			);
			path = ColorPick;
			sourceTree = "<group>";
		};
		00EA801E21E1F1DB00E5BC3D /* Function */ = {
			isa = PBXGroup;
			children = (
				00EA801F21E1F1DB00E5BC3D /* DoraemonColorPickInfoWindow.m */,
				00EA802021E1F1DB00E5BC3D /* DoraemonColorPickInfoView.h */,
				00EA802121E1F1DB00E5BC3D /* DoraemonColorPickWindow.h */,
				00EA802221E1F1DB00E5BC3D /* DoraemonColorPickView.h */,
				00EA802321E1F1DB00E5BC3D /* DoraemonColorPickInfoWindow.h */,
				00EA802421E1F1DB00E5BC3D /* DoraemonColorPickWindow.m */,
				00EA802521E1F1DB00E5BC3D /* DoraemonColorPickInfoView.m */,
				00EA802621E1F1DB00E5BC3D /* DoraemonColorPickView.m */,
			);
			path = Function;
			sourceTree = "<group>";
		};
		00EA802E21E1F20600E5BC3D /* Doraemon */ = {
			isa = PBXGroup;
			children = (
				00EA803E21E1F55D00E5BC3D /* CommonUI */,
				00EA802F21E1F21B00E5BC3D /* Category */,
			);
			name = Doraemon;
			sourceTree = "<group>";
		};
		00EA802F21E1F21B00E5BC3D /* Category */ = {
			isa = PBXGroup;
			children = (
				00EA803021E1F21B00E5BC3D /* UIImage+Doraemon.h */,
				00EA803121E1F21B00E5BC3D /* UIView+Doraemon.h */,
				00EA803221E1F21B00E5BC3D /* UIColor+Doraemon.m */,
				00EA803321E1F21B00E5BC3D /* NSObject+Doraemon.m */,
				00EA803421E1F21B00E5BC3D /* UIImage+Doraemon.m */,
				00EA803521E1F21B00E5BC3D /* NSObject+Doraemon.h */,
				00EA803621E1F21B00E5BC3D /* UIView+Doraemon.m */,
				00EA803721E1F21B00E5BC3D /* UIColor+Doraemon.h */,
			);
			path = Category;
			sourceTree = "<group>";
		};
		00EA803E21E1F55D00E5BC3D /* CommonUI */ = {
			isa = PBXGroup;
			children = (
				00EA803F21E1F56700E5BC3D /* Visual */,
			);
			path = CommonUI;
			sourceTree = "<group>";
		};
		00EA803F21E1F56700E5BC3D /* Visual */ = {
			isa = PBXGroup;
			children = (
				00EA804021E1F56700E5BC3D /* DoraemonVisualMagnifierWindow.h */,
				00EA804121E1F56700E5BC3D /* DoraemonVisualInfoWindow.m */,
				00EA804221E1F56700E5BC3D /* DoraemonVisualMagnifierWindow.m */,
				00EA804321E1F56700E5BC3D /* DoraemonVisualInfoWindow.h */,
			);
			path = Visual;
			sourceTree = "<group>";
		};
		00F8312421E4C84000AA80B6 /* ViewAlign */ = {
			isa = PBXGroup;
			children = (
				00F8312621E4C84000AA80B6 /* Function */,
			);
			path = ViewAlign;
			sourceTree = "<group>";
		};
		00F8312621E4C84000AA80B6 /* Function */ = {
			isa = PBXGroup;
			children = (
				00F8312721E4C84000AA80B6 /* DoraemonViewAlignView.h */,
				00F8312821E4C84000AA80B6 /* DoraemonViewAlignManager.m */,
				00F8312921E4C84000AA80B6 /* DoraemonViewAlignView.m */,
				00F8312A21E4C84000AA80B6 /* DoraemonViewAlignManager.h */,
			);
			path = Function;
			sourceTree = "<group>";
		};
		00F831DF21E70F6E00AA80B6 /* ViewCheck */ = {
			isa = PBXGroup;
			children = (
				00F831E721E70F9000AA80B6 /* DoraemonViewCheckManager.h */,
				00F831E521E70F9000AA80B6 /* DoraemonViewCheckManager.m */,
				00F831E621E70F9000AA80B6 /* DoraemonViewCheckView.h */,
				00F831E821E70F9000AA80B6 /* DoraemonViewCheckView.m */,
			);
			path = ViewCheck;
			sourceTree = "<group>";
		};
		00F831EB21E7134E00AA80B6 /* BugCommit */ = {
			isa = PBXGroup;
			children = (
				00F831EC21E7136300AA80B6 /* HCBugCommitViewController.h */,
				00F831ED21E7136300AA80B6 /* HCBugCommitViewController.m */,
				00F8320E21E7276600AA80B6 /* View */,
				00F8320D21E7276200AA80B6 /* Model */,
			);
			name = BugCommit;
			sourceTree = "<group>";
		};
		00F8320D21E7276200AA80B6 /* Model */ = {
			isa = PBXGroup;
			children = (
				00F8320721E7259300AA80B6 /* HCBugBillModel.h */,
				00F8320821E7259300AA80B6 /* HCBugBillModel.m */,
				00F8320A21E725A400AA80B6 /* HCBugItemModel.h */,
				00F8320B21E725A400AA80B6 /* HCBugItemModel.m */,
			);
			name = Model;
			sourceTree = "<group>";
		};
		00F8320E21E7276600AA80B6 /* View */ = {
			isa = PBXGroup;
			children = (
				00F8320F21E727EE00AA80B6 /* HCBugItemEditView.h */,
				00F8321021E727EE00AA80B6 /* HCBugItemEditView.m */,
				0090467721E730EF0062826E /* HCBugItemEditCell.h */,
				0090467821E730EF0062826E /* HCBugItemEditCell.m */,
			);
			name = View;
			sourceTree = "<group>";
		};
		0F33CFBDB99FE8E968369B41 /* Pods */ = {
			isa = PBXGroup;
			children = (
				3402F6569C4C5B6F9448471D /* Pods-HCDebugTool_Example.debug.xcconfig */,
				13A72804B88504215179987B /* Pods-HCDebugTool_Example.release.xcconfig */,
				30C473A1C4B3928021090C16 /* Pods-HCDebugTool_Tests.debug.xcconfig */,
				FBEF2191BFB72E91DF401287 /* Pods-HCDebugTool_Tests.release.xcconfig */,
			);
			name = Pods;
			sourceTree = "<group>";
		};
		6003F581195388D10070C39A = {
			isa = PBXGroup;
			children = (
				60FF7A9C1954A5C5007DD14C /* Podspec Metadata */,
				6003F593195388D20070C39A /* Example for HCDebugTool */,
				6003F5B5195388D20070C39A /* Tests */,
				6003F58C195388D20070C39A /* Frameworks */,
				6003F58B195388D20070C39A /* Products */,
				0F33CFBDB99FE8E968369B41 /* Pods */,
			);
			sourceTree = "<group>";
		};
		6003F58B195388D20070C39A /* Products */ = {
			isa = PBXGroup;
			children = (
				6003F58A195388D20070C39A /* HCDebugTool_Example.app */,
				6003F5AE195388D20070C39A /* HCDebugTool_Tests.xctest */,
			);
			name = Products;
			sourceTree = "<group>";
		};
		6003F58C195388D20070C39A /* Frameworks */ = {
			isa = PBXGroup;
			children = (
				6003F58D195388D20070C39A /* Foundation.framework */,
				6003F58F195388D20070C39A /* CoreGraphics.framework */,
				6003F591195388D20070C39A /* UIKit.framework */,
				6003F5AF195388D20070C39A /* XCTest.framework */,
				C5226FF179E4DD7F57C794A3 /* Pods_HCDebugTool_Example.framework */,
				DD426F9C4DAEBB86B7B63AE5 /* Pods_HCDebugTool_Tests.framework */,
			);
			name = Frameworks;
			sourceTree = "<group>";
		};
		6003F593195388D20070C39A /* Example for HCDebugTool */ = {
			isa = PBXGroup;
			children = (
				0085DC3121D3D2950096631D /* HCUIDefine.h */,
				00EA802E21E1F20600E5BC3D /* Doraemon */,
				0029A75121BA311500C856C9 /* HCDebugToolModule */,
				6003F59C195388D20070C39A /* HCAppDelegate.h */,
				6003F59D195388D20070C39A /* HCAppDelegate.m */,
				873B8AEA1B1F5CCA007FD442 /* Main.storyboard */,
				6003F5A5195388D20070C39A /* HCViewController.h */,
				6003F5A6195388D20070C39A /* HCViewController.m */,
				71719F9D1E33DC2100824A3D /* LaunchScreen.storyboard */,
				6003F5A8195388D20070C39A /* Images.xcassets */,
				6003F594195388D20070C39A /* Supporting Files */,
			);
			name = "Example for HCDebugTool";
			path = HCDebugTool;
			sourceTree = "<group>";
		};
		6003F594195388D20070C39A /* Supporting Files */ = {
			isa = PBXGroup;
			children = (
				6003F595195388D20070C39A /* HCDebugTool-Info.plist */,
				6003F596195388D20070C39A /* InfoPlist.strings */,
				6003F599195388D20070C39A /* main.m */,
				6003F59B195388D20070C39A /* HCDebugTool-Prefix.pch */,
			);
			name = "Supporting Files";
			sourceTree = "<group>";
		};
		6003F5B5195388D20070C39A /* Tests */ = {
			isa = PBXGroup;
			children = (
				6003F5BB195388D20070C39A /* Tests.m */,
				6003F5B6195388D20070C39A /* Supporting Files */,
			);
			path = Tests;
			sourceTree = "<group>";
		};
		6003F5B6195388D20070C39A /* Supporting Files */ = {
			isa = PBXGroup;
			children = (
				6003F5B7195388D20070C39A /* Tests-Info.plist */,
				6003F5B8195388D20070C39A /* InfoPlist.strings */,
				606FC2411953D9B200FFA9A0 /* Tests-Prefix.pch */,
			);
			name = "Supporting Files";
			sourceTree = "<group>";
		};
		60FF7A9C1954A5C5007DD14C /* Podspec Metadata */ = {
			isa = PBXGroup;
			children = (
				4368DFFA730101F418A4FDAE /* HCDebugTool.podspec */,
				D3CDE21514590FFA73CDDC76 /* README.md */,
				A331B28220FE33F1892F0C85 /* LICENSE */,
			);
			name = "Podspec Metadata";
			sourceTree = "<group>";
		};
/* End PBXGroup section */

/* Begin PBXNativeTarget section */
		6003F589195388D20070C39A /* HCDebugTool_Example */ = {
			isa = PBXNativeTarget;
			buildConfigurationList = 6003F5BF195388D20070C39A /* Build configuration list for PBXNativeTarget "HCDebugTool_Example" */;
			buildPhases = (
				1745A1A9052E7E80D88048E9 /* [CP] Check Pods Manifest.lock */,
				6003F586195388D20070C39A /* Sources */,
				6003F587195388D20070C39A /* Frameworks */,
				6003F588195388D20070C39A /* Resources */,
				CF38DD2169D7CDDF71A51204 /* [CP] Embed Pods Frameworks */,
			);
			buildRules = (
			);
			dependencies = (
			);
			name = HCDebugTool_Example;
			productName = HCDebugTool;
			productReference = 6003F58A195388D20070C39A /* HCDebugTool_Example.app */;
			productType = "com.apple.product-type.application";
		};
		6003F5AD195388D20070C39A /* HCDebugTool_Tests */ = {
			isa = PBXNativeTarget;
			buildConfigurationList = 6003F5C2195388D20070C39A /* Build configuration list for PBXNativeTarget "HCDebugTool_Tests" */;
			buildPhases = (
				01B2D9B612B3B1B18C52B61D /* [CP] Check Pods Manifest.lock */,
				6003F5AA195388D20070C39A /* Sources */,
				6003F5AB195388D20070C39A /* Frameworks */,
				6003F5AC195388D20070C39A /* Resources */,
			);
			buildRules = (
			);
			dependencies = (
				6003F5B4195388D20070C39A /* PBXTargetDependency */,
			);
			name = HCDebugTool_Tests;
			productName = HCDebugToolTests;
			productReference = 6003F5AE195388D20070C39A /* HCDebugTool_Tests.xctest */;
			productType = "com.apple.product-type.bundle.unit-test";
		};
/* End PBXNativeTarget section */

/* Begin PBXProject section */
		6003F582195388D10070C39A /* Project object */ = {
			isa = PBXProject;
			attributes = {
				CLASSPREFIX = HC;
				LastUpgradeCheck = 0720;
				ORGANIZATIONNAME = "honchwong404@gmail.com";
				TargetAttributes = {
					6003F5AD195388D20070C39A = {
						TestTargetID = 6003F589195388D20070C39A;
					};
				};
			};
			buildConfigurationList = 6003F585195388D10070C39A /* Build configuration list for PBXProject "HCDebugTool" */;
			compatibilityVersion = "Xcode 3.2";
			developmentRegion = English;
			hasScannedForEncodings = 0;
			knownRegions = (
				en,
				Base,
			);
			mainGroup = 6003F581195388D10070C39A;
			productRefGroup = 6003F58B195388D20070C39A /* Products */;
			projectDirPath = "";
			projectRoot = "";
			targets = (
				6003F589195388D20070C39A /* HCDebugTool_Example */,
				6003F5AD195388D20070C39A /* HCDebugTool_Tests */,
			);
		};
/* End PBXProject section */

/* Begin PBXResourcesBuildPhase section */
		6003F588195388D20070C39A /* Resources */ = {
			isa = PBXResourcesBuildPhase;
			buildActionMask = 2147483647;
			files = (
				873B8AEB1B1F5CCA007FD442 /* Main.storyboard in Resources */,
				71719F9F1E33DC2100824A3D /* LaunchScreen.storyboard in Resources */,
				0085DC3321D3D54C0096631D /* bookList.json in Resources */,
				6003F5A9195388D20070C39A /* Images.xcassets in Resources */,
				6003F598195388D20070C39A /* InfoPlist.strings in Resources */,
				0090467B21E8418C0062826E /* test.png in Resources */,
			);
			runOnlyForDeploymentPostprocessing = 0;
		};
		6003F5AC195388D20070C39A /* Resources */ = {
			isa = PBXResourcesBuildPhase;
			buildActionMask = 2147483647;
			files = (
				6003F5BA195388D20070C39A /* InfoPlist.strings in Resources */,
			);
			runOnlyForDeploymentPostprocessing = 0;
		};
/* End PBXResourcesBuildPhase section */

/* Begin PBXShellScriptBuildPhase section */
		01B2D9B612B3B1B18C52B61D /* [CP] Check Pods Manifest.lock */ = {
			isa = PBXShellScriptBuildPhase;
			buildActionMask = 2147483647;
			files = (
			);
			inputPaths = (
				"${PODS_PODFILE_DIR_PATH}/Podfile.lock",
				"${PODS_ROOT}/Manifest.lock",
			);
			name = "[CP] Check Pods Manifest.lock";
			outputPaths = (
				"$(DERIVED_FILE_DIR)/Pods-HCDebugTool_Tests-checkManifestLockResult.txt",
			);
			runOnlyForDeploymentPostprocessing = 0;
			shellPath = /bin/sh;
			shellScript = "diff \"${PODS_PODFILE_DIR_PATH}/Podfile.lock\" \"${PODS_ROOT}/Manifest.lock\" > /dev/null\nif [ $? != 0 ] ; then\n    # print error to STDERR\n    echo \"error: The sandbox is not in sync with the Podfile.lock. Run 'pod install' or update your CocoaPods installation.\" >&2\n    exit 1\nfi\n# This output is used by Xcode 'outputs' to avoid re-running this script phase.\necho \"SUCCESS\" > \"${SCRIPT_OUTPUT_FILE_0}\"\n";
			showEnvVarsInLog = 0;
		};
		1745A1A9052E7E80D88048E9 /* [CP] Check Pods Manifest.lock */ = {
			isa = PBXShellScriptBuildPhase;
			buildActionMask = 2147483647;
			files = (
			);
			inputPaths = (
				"${PODS_PODFILE_DIR_PATH}/Podfile.lock",
				"${PODS_ROOT}/Manifest.lock",
			);
			name = "[CP] Check Pods Manifest.lock";
			outputPaths = (
				"$(DERIVED_FILE_DIR)/Pods-HCDebugTool_Example-checkManifestLockResult.txt",
			);
			runOnlyForDeploymentPostprocessing = 0;
			shellPath = /bin/sh;
			shellScript = "diff \"${PODS_PODFILE_DIR_PATH}/Podfile.lock\" \"${PODS_ROOT}/Manifest.lock\" > /dev/null\nif [ $? != 0 ] ; then\n    # print error to STDERR\n    echo \"error: The sandbox is not in sync with the Podfile.lock. Run 'pod install' or update your CocoaPods installation.\" >&2\n    exit 1\nfi\n# This output is used by Xcode 'outputs' to avoid re-running this script phase.\necho \"SUCCESS\" > \"${SCRIPT_OUTPUT_FILE_0}\"\n";
			showEnvVarsInLog = 0;
		};
		CF38DD2169D7CDDF71A51204 /* [CP] Embed Pods Frameworks */ = {
			isa = PBXShellScriptBuildPhase;
			buildActionMask = 2147483647;
			files = (
			);
			inputPaths = (
				"${SRCROOT}/Pods/Target Support Files/Pods-HCDebugTool_Example/Pods-HCDebugTool_Example-frameworks.sh",
				"${BUILT_PRODUCTS_DIR}/AFNetworking/AFNetworking.framework",
				"${BUILT_PRODUCTS_DIR}/FlexBoxLayout/FlexBoxLayout.framework",
				"${BUILT_PRODUCTS_DIR}/GYHttpMock/GYHttpMock.framework",
				"${BUILT_PRODUCTS_DIR}/HCDebugTool/HCDebugTool.framework",
			);
			name = "[CP] Embed Pods Frameworks";
			outputPaths = (
				"${TARGET_BUILD_DIR}/${FRAMEWORKS_FOLDER_PATH}/AFNetworking.framework",
				"${TARGET_BUILD_DIR}/${FRAMEWORKS_FOLDER_PATH}/FlexBoxLayout.framework",
				"${TARGET_BUILD_DIR}/${FRAMEWORKS_FOLDER_PATH}/GYHttpMock.framework",
				"${TARGET_BUILD_DIR}/${FRAMEWORKS_FOLDER_PATH}/HCDebugTool.framework",
			);
			runOnlyForDeploymentPostprocessing = 0;
			shellPath = /bin/sh;
			shellScript = "\"${SRCROOT}/Pods/Target Support Files/Pods-HCDebugTool_Example/Pods-HCDebugTool_Example-frameworks.sh\"\n";
			showEnvVarsInLog = 0;
		};
/* End PBXShellScriptBuildPhase section */

/* Begin PBXSourcesBuildPhase section */
		6003F586195388D20070C39A /* Sources */ = {
			isa = PBXSourcesBuildPhase;
			buildActionMask = 2147483647;
			files = (
				006F4D7221BD25E1003B0B3F /* HCNetDebugModule.m in Sources */,
				00804B7921CCFD4D00D05821 /* HCALTableViewCell.m in Sources */,
				00C31A1F21CB908B006CCA3D /* HCYogaKitDebugModule.m in Sources */,
				00EA804521E1F56700E5BC3D /* DoraemonVisualMagnifierWindow.m in Sources */,
				00EA802921E1F1DB00E5BC3D /* DoraemonColorPickInfoWindow.m in Sources */,
				00EA804421E1F56700E5BC3D /* DoraemonVisualInfoWindow.m in Sources */,
				0090467921E730EF0062826E /* HCBugItemEditCell.m in Sources */,
				00804B7C21CCFD8800D05821 /* HCLeftPicRightTextView.m in Sources */,
				00F8312C21E4C84000AA80B6 /* DoraemonViewAlignManager.m in Sources */,
				00EA803B21E1F21B00E5BC3D /* UIView+Doraemon.m in Sources */,
				6003F59E195388D20070C39A /* HCAppDelegate.m in Sources */,
				0029A7E121BA442300C856C9 /* HCDebugToolPerformanceMudle.m in Sources */,
				00804B7521CCF97300D05821 /* HCFlexBoxLayoutDemoViewController.m in Sources */,
				00EA803921E1F21B00E5BC3D /* NSObject+Doraemon.m in Sources */,
				00EA803A21E1F21B00E5BC3D /* UIImage+Doraemon.m in Sources */,
				00F831EA21E70F9000AA80B6 /* DoraemonViewCheckView.m in Sources */,
				00F8320921E7259300AA80B6 /* HCBugBillModel.m in Sources */,
				00EA802B21E1F1DB00E5BC3D /* DoraemonColorPickInfoView.m in Sources */,
				00EA801A21E1F03F00E5BC3D /* HCVisionModule.m in Sources */,
				0085DC1A21D3CC860096631D /* HCLeftPicRightTextViewModel.m in Sources */,
				6003F5A7195388D20070C39A /* HCViewController.m in Sources */,
				00F8321121E727EE00AA80B6 /* HCBugItemEditView.m in Sources */,
				0035E58821EB7C0300D8026D /* HCNetDebugMockViewController.m in Sources */,
				00F831EE21E7136300AA80B6 /* HCBugCommitViewController.m in Sources */,
				00EA803821E1F21B00E5BC3D /* UIColor+Doraemon.m in Sources */,
				00F8312D21E4C84000AA80B6 /* DoraemonViewAlignView.m in Sources */,
				00EA802C21E1F1DB00E5BC3D /* DoraemonColorPickView.m in Sources */,
				00F8320C21E725A400AA80B6 /* HCBugItemModel.m in Sources */,
				00EA802A21E1F1DB00E5BC3D /* DoraemonColorPickWindow.m in Sources */,
				00F831E921E70F9000AA80B6 /* DoraemonViewCheckManager.m in Sources */,
				6003F59A195388D20070C39A /* main.m in Sources */,
			);
			runOnlyForDeploymentPostprocessing = 0;
		};
		6003F5AA195388D20070C39A /* Sources */ = {
			isa = PBXSourcesBuildPhase;
			buildActionMask = 2147483647;
			files = (
				6003F5BC195388D20070C39A /* Tests.m in Sources */,
			);
			runOnlyForDeploymentPostprocessing = 0;
		};
/* End PBXSourcesBuildPhase section */

/* Begin PBXTargetDependency section */
		6003F5B4195388D20070C39A /* PBXTargetDependency */ = {
			isa = PBXTargetDependency;
			target = 6003F589195388D20070C39A /* HCDebugTool_Example */;
			targetProxy = 6003F5B3195388D20070C39A /* PBXContainerItemProxy */;
		};
/* End PBXTargetDependency section */

/* Begin PBXVariantGroup section */
		6003F596195388D20070C39A /* InfoPlist.strings */ = {
			isa = PBXVariantGroup;
			children = (
				6003F597195388D20070C39A /* en */,
			);
			name = InfoPlist.strings;
			sourceTree = "<group>";
		};
		6003F5B8195388D20070C39A /* InfoPlist.strings */ = {
			isa = PBXVariantGroup;
			children = (
				6003F5B9195388D20070C39A /* en */,
			);
			name = InfoPlist.strings;
			sourceTree = "<group>";
		};
		71719F9D1E33DC2100824A3D /* LaunchScreen.storyboard */ = {
			isa = PBXVariantGroup;
			children = (
				71719F9E1E33DC2100824A3D /* Base */,
			);
			name = LaunchScreen.storyboard;
			sourceTree = "<group>";
		};
/* End PBXVariantGroup section */

/* Begin XCBuildConfiguration section */
		6003F5BD195388D20070C39A /* Debug */ = {
			isa = XCBuildConfiguration;
			buildSettings = {
				ALWAYS_SEARCH_USER_PATHS = NO;
				CLANG_CXX_LANGUAGE_STANDARD = "gnu++0x";
				CLANG_CXX_LIBRARY = "libc++";
				CLANG_ENABLE_MODULES = YES;
				CLANG_ENABLE_OBJC_ARC = YES;
				CLANG_WARN_BOOL_CONVERSION = YES;
				CLANG_WARN_CONSTANT_CONVERSION = YES;
				CLANG_WARN_DIRECT_OBJC_ISA_USAGE = YES_ERROR;
				CLANG_WARN_EMPTY_BODY = YES;
				CLANG_WARN_ENUM_CONVERSION = YES;
				CLANG_WARN_INT_CONVERSION = YES;
				CLANG_WARN_OBJC_ROOT_CLASS = YES_ERROR;
				CLANG_WARN__DUPLICATE_METHOD_MATCH = YES;
				"CODE_SIGN_IDENTITY[sdk=iphoneos*]" = "iPhone Developer";
				COPY_PHASE_STRIP = NO;
				ENABLE_TESTABILITY = YES;
				GCC_C_LANGUAGE_STANDARD = gnu99;
				GCC_DYNAMIC_NO_PIC = NO;
				GCC_OPTIMIZATION_LEVEL = 0;
				GCC_PREPROCESSOR_DEFINITIONS = (
					"DEBUG=1",
					"$(inherited)",
				);
				GCC_SYMBOLS_PRIVATE_EXTERN = NO;
				GCC_WARN_64_TO_32_BIT_CONVERSION = YES;
				GCC_WARN_ABOUT_RETURN_TYPE = YES_ERROR;
				GCC_WARN_UNDECLARED_SELECTOR = YES;
				GCC_WARN_UNINITIALIZED_AUTOS = YES_AGGRESSIVE;
				GCC_WARN_UNUSED_FUNCTION = YES;
				GCC_WARN_UNUSED_VARIABLE = YES;
				IPHONEOS_DEPLOYMENT_TARGET = 9.3;
				ONLY_ACTIVE_ARCH = YES;
				SDKROOT = iphoneos;
				TARGETED_DEVICE_FAMILY = "1,2";
			};
			name = Debug;
		};
		6003F5BE195388D20070C39A /* Release */ = {
			isa = XCBuildConfiguration;
			buildSettings = {
				ALWAYS_SEARCH_USER_PATHS = NO;
				CLANG_CXX_LANGUAGE_STANDARD = "gnu++0x";
				CLANG_CXX_LIBRARY = "libc++";
				CLANG_ENABLE_MODULES = YES;
				CLANG_ENABLE_OBJC_ARC = YES;
				CLANG_WARN_BOOL_CONVERSION = YES;
				CLANG_WARN_CONSTANT_CONVERSION = YES;
				CLANG_WARN_DIRECT_OBJC_ISA_USAGE = YES_ERROR;
				CLANG_WARN_EMPTY_BODY = YES;
				CLANG_WARN_ENUM_CONVERSION = YES;
				CLANG_WARN_INT_CONVERSION = YES;
				CLANG_WARN_OBJC_ROOT_CLASS = YES_ERROR;
				CLANG_WARN__DUPLICATE_METHOD_MATCH = YES;
				"CODE_SIGN_IDENTITY[sdk=iphoneos*]" = "iPhone Developer";
				COPY_PHASE_STRIP = YES;
				ENABLE_NS_ASSERTIONS = NO;
				GCC_C_LANGUAGE_STANDARD = gnu99;
				GCC_WARN_64_TO_32_BIT_CONVERSION = YES;
				GCC_WARN_ABOUT_RETURN_TYPE = YES_ERROR;
				GCC_WARN_UNDECLARED_SELECTOR = YES;
				GCC_WARN_UNINITIALIZED_AUTOS = YES_AGGRESSIVE;
				GCC_WARN_UNUSED_FUNCTION = YES;
				GCC_WARN_UNUSED_VARIABLE = YES;
				IPHONEOS_DEPLOYMENT_TARGET = 9.3;
				SDKROOT = iphoneos;
				TARGETED_DEVICE_FAMILY = "1,2";
				VALIDATE_PRODUCT = YES;
			};
			name = Release;
		};
		6003F5C0195388D20070C39A /* Debug */ = {
			isa = XCBuildConfiguration;
			baseConfigurationReference = 3402F6569C4C5B6F9448471D /* Pods-HCDebugTool_Example.debug.xcconfig */;
			buildSettings = {
				ASSETCATALOG_COMPILER_APPICON_NAME = AppIcon;
				GCC_PRECOMPILE_PREFIX_HEADER = YES;
				GCC_PREFIX_HEADER = "HCDebugTool/HCDebugTool-Prefix.pch";
				INFOPLIST_FILE = "HCDebugTool/HCDebugTool-Info.plist";
				MODULE_NAME = ExampleApp;
				PRODUCT_BUNDLE_IDENTIFIER = "org.cocoapods.demo.${PRODUCT_NAME:rfc1034identifier}";
				PRODUCT_NAME = "$(TARGET_NAME)";
				WRAPPER_EXTENSION = app;
			};
			name = Debug;
		};
		6003F5C1195388D20070C39A /* Release */ = {
			isa = XCBuildConfiguration;
			baseConfigurationReference = 13A72804B88504215179987B /* Pods-HCDebugTool_Example.release.xcconfig */;
			buildSettings = {
				ASSETCATALOG_COMPILER_APPICON_NAME = AppIcon;
				GCC_PRECOMPILE_PREFIX_HEADER = YES;
				GCC_PREFIX_HEADER = "HCDebugTool/HCDebugTool-Prefix.pch";
				INFOPLIST_FILE = "HCDebugTool/HCDebugTool-Info.plist";
				MODULE_NAME = ExampleApp;
				PRODUCT_BUNDLE_IDENTIFIER = "org.cocoapods.demo.${PRODUCT_NAME:rfc1034identifier}";
				PRODUCT_NAME = "$(TARGET_NAME)";
				WRAPPER_EXTENSION = app;
			};
			name = Release;
		};
		6003F5C3195388D20070C39A /* Debug */ = {
			isa = XCBuildConfiguration;
			baseConfigurationReference = 30C473A1C4B3928021090C16 /* Pods-HCDebugTool_Tests.debug.xcconfig */;
			buildSettings = {
				BUNDLE_LOADER = "$(TEST_HOST)";
				FRAMEWORK_SEARCH_PATHS = (
					"$(SDKROOT)/Developer/Library/Frameworks",
					"$(inherited)",
					"$(DEVELOPER_FRAMEWORKS_DIR)",
				);
				GCC_PRECOMPILE_PREFIX_HEADER = YES;
				GCC_PREFIX_HEADER = "Tests/Tests-Prefix.pch";
				GCC_PREPROCESSOR_DEFINITIONS = (
					"DEBUG=1",
					"$(inherited)",
				);
				INFOPLIST_FILE = "Tests/Tests-Info.plist";
				PRODUCT_BUNDLE_IDENTIFIER = "org.cocoapods.demo.${PRODUCT_NAME:rfc1034identifier}";
				PRODUCT_NAME = "$(TARGET_NAME)";
				TEST_HOST = "$(BUILT_PRODUCTS_DIR)/HCDebugTool_Example.app/HCDebugTool_Example";
				WRAPPER_EXTENSION = xctest;
			};
			name = Debug;
		};
		6003F5C4195388D20070C39A /* Release */ = {
			isa = XCBuildConfiguration;
			baseConfigurationReference = FBEF2191BFB72E91DF401287 /* Pods-HCDebugTool_Tests.release.xcconfig */;
			buildSettings = {
				BUNDLE_LOADER = "$(TEST_HOST)";
				FRAMEWORK_SEARCH_PATHS = (
					"$(SDKROOT)/Developer/Library/Frameworks",
					"$(inherited)",
					"$(DEVELOPER_FRAMEWORKS_DIR)",
				);
				GCC_PRECOMPILE_PREFIX_HEADER = YES;
				GCC_PREFIX_HEADER = "Tests/Tests-Prefix.pch";
				INFOPLIST_FILE = "Tests/Tests-Info.plist";
				PRODUCT_BUNDLE_IDENTIFIER = "org.cocoapods.demo.${PRODUCT_NAME:rfc1034identifier}";
				PRODUCT_NAME = "$(TARGET_NAME)";
				TEST_HOST = "$(BUILT_PRODUCTS_DIR)/HCDebugTool_Example.app/HCDebugTool_Example";
				WRAPPER_EXTENSION = xctest;
			};
			name = Release;
		};
/* End XCBuildConfiguration section */

/* Begin XCConfigurationList section */
		6003F585195388D10070C39A /* Build configuration list for PBXProject "HCDebugTool" */ = {
			isa = XCConfigurationList;
			buildConfigurations = (
				6003F5BD195388D20070C39A /* Debug */,
				6003F5BE195388D20070C39A /* Release */,
			);
			defaultConfigurationIsVisible = 0;
			defaultConfigurationName = Release;
		};
		6003F5BF195388D20070C39A /* Build configuration list for PBXNativeTarget "HCDebugTool_Example" */ = {
			isa = XCConfigurationList;
			buildConfigurations = (
				6003F5C0195388D20070C39A /* Debug */,
				6003F5C1195388D20070C39A /* Release */,
			);
			defaultConfigurationIsVisible = 0;
			defaultConfigurationName = Release;
		};
		6003F5C2195388D20070C39A /* Build configuration list for PBXNativeTarget "HCDebugTool_Tests" */ = {
			isa = XCConfigurationList;
			buildConfigurations = (
				6003F5C3195388D20070C39A /* Debug */,
				6003F5C4195388D20070C39A /* Release */,
			);
			defaultConfigurationIsVisible = 0;
			defaultConfigurationName = Release;
		};
/* End XCConfigurationList section */
	};
	rootObject = 6003F582195388D10070C39A /* Project object */;
}
